
Microsoft Visual Studio Solution File, Format Version 12.00
# Visual Studio Version 16
VisualStudioVersion = 16.0.30503.244
MinimumVisualStudioVersion = 10.0.40219.1
Project("{FAE04EC0-301F-11D3-BF4B-00C04F79EFBC}") = "Stand", "Stand.csproj", "{E0892CC3-1B39-455E-8350-FD904D990DA8}"
EndProject
Global
	GlobalSection(SolutionConfigurationPlatforms) = preSolution
		Debug|Any CPU = Debug|Any CPU
		Release|Any CPU = Release|Any CPU
	EndGlobalSection
	GlobalSection(ProjectConfigurationPlatforms) = postSolution
		{E0892CC3-1B39-455E-8350-FD904D990DA8}.Debug|Any CPU.ActiveCfg = Debug|Any CPU
		{E0892CC3-1B39-455E-8350-FD904D990DA8}.Debug|Any CPU.Build.0 = Debug|Any CPU
		{E0892CC3-1B39-455E-8350-FD904D990DA8}.Release|Any CPU.ActiveCfg = Release|Any CPU
		{E0892CC3-1B39-455E-8350-FD904D990DA8}.Release|Any CPU.Build.0 = Release|Any CPU
	EndGlobalSection
	GlobalSection(SolutionProperties) = preSolution
		HideSolutionNode = FALSE
	EndGlobalSection
	GlobalSection(ExtensibilityGlobals) = postSolution
		SolutionGuid = {BD48AC8B-5205-4891-A994-F6E5B1AA0234}
	EndGlobalSection
EndGlobal
