
Microsoft Visual Studio Solution File, Format Version 12.00
# Visual Studio Version 17
VisualStudioVersion = 17.2.32630.192
MinimumVisualStudioVersion = 10.0.40219.1
Project("{FAE04EC0-301F-11D3-BF4B-00C04F79EFBC}") = "785_App04", "785_App04\785_App04.csproj", "{39F02B5C-BA46-4A22-86B4-E8D26B47A5FB}"
EndProject
Global
	GlobalSection(SolutionConfigurationPlatforms) = preSolution
		Debug|Any CPU = Debug|Any CPU
		Release|Any CPU = Release|Any CPU
	EndGlobalSection
	GlobalSection(ProjectConfigurationPlatforms) = postSolution
		{39F02B5C-BA46-4A22-86B4-E8D26B47A5FB}.Debug|Any CPU.ActiveCfg = Debug|Any CPU
		{39F02B5C-BA46-4A22-86B4-E8D26B47A5FB}.Debug|Any CPU.Build.0 = Debug|Any CPU
		{39F02B5C-BA46-4A22-86B4-E8D26B47A5FB}.Release|Any CPU.ActiveCfg = Release|Any CPU
		{39F02B5C-BA46-4A22-86B4-E8D26B47A5FB}.Release|Any CPU.Build.0 = Release|Any CPU
	EndGlobalSection
	GlobalSection(SolutionProperties) = preSolution
		HideSolutionNode = FALSE
	EndGlobalSection
	GlobalSection(ExtensibilityGlobals) = postSolution
		SolutionGuid = {BFE05AD2-77FB-452C-A6AA-B6CE5BA8B107}
	EndGlobalSection
EndGlobal
