
Microsoft Visual Studio Solution File, Format Version 12.00
# Visual Studio Version 17
VisualStudioVersion = 17.2.32630.192
MinimumVisualStudioVersion = 10.0.40219.1
Project("{FAE04EC0-301F-11D3-BF4B-00C04F79EFBC}") = "785-App1", "785-App1\785-App1.csproj", "{EADE7C08-F993-493E-B178-9A64353AE866}"
EndProject
Global
	GlobalSection(SolutionConfigurationPlatforms) = preSolution
		Debug|Any CPU = Debug|Any CPU
		Release|Any CPU = Release|Any CPU
	EndGlobalSection
	GlobalSection(ProjectConfigurationPlatforms) = postSolution
		{EADE7C08-F993-493E-B178-9A64353AE866}.Debug|Any CPU.ActiveCfg = Debug|Any CPU
		{EADE7C08-F993-493E-B178-9A64353AE866}.Debug|Any CPU.Build.0 = Debug|Any CPU
		{EADE7C08-F993-493E-B178-9A64353AE866}.Release|Any CPU.ActiveCfg = Release|Any CPU
		{EADE7C08-F993-493E-B178-9A64353AE866}.Release|Any CPU.Build.0 = Release|Any CPU
	EndGlobalSection
	GlobalSection(SolutionProperties) = preSolution
		HideSolutionNode = FALSE
	EndGlobalSection
	GlobalSection(ExtensibilityGlobals) = postSolution
		SolutionGuid = {88EC6280-F4DF-4614-B15B-0C7AC506F9DD}
	EndGlobalSection
EndGlobal
