
Microsoft Visual Studio Solution File, Format Version 12.00
# Visual Studio Version 17
VisualStudioVersion = 17.1.32328.378
MinimumVisualStudioVersion = 10.0.40219.1
Project("{FAE04EC0-301F-11D3-BF4B-00C04F79EFBC}") = "0785_Agenda", "0785_Agenda.csproj", "{4F4ADCF8-F8FD-466D-8AC1-25C761F7BCE3}"
EndProject
Global
	GlobalSection(SolutionConfigurationPlatforms) = preSolution
		Debug|Any CPU = Debug|Any CPU
		Release|Any CPU = Release|Any CPU
	EndGlobalSection
	GlobalSection(ProjectConfigurationPlatforms) = postSolution
		{4F4ADCF8-F8FD-466D-8AC1-25C761F7BCE3}.Debug|Any CPU.ActiveCfg = Debug|Any CPU
		{4F4ADCF8-F8FD-466D-8AC1-25C761F7BCE3}.Debug|Any CPU.Build.0 = Debug|Any CPU
		{4F4ADCF8-F8FD-466D-8AC1-25C761F7BCE3}.Release|Any CPU.ActiveCfg = Release|Any CPU
		{4F4ADCF8-F8FD-466D-8AC1-25C761F7BCE3}.Release|Any CPU.Build.0 = Release|Any CPU
	EndGlobalSection
	GlobalSection(SolutionProperties) = preSolution
		HideSolutionNode = FALSE
	EndGlobalSection
	GlobalSection(ExtensibilityGlobals) = postSolution
		SolutionGuid = {BE93EB9B-84CA-44FC-AFD4-25C30C2DB024}
	EndGlobalSection
EndGlobal
